
Microsoft Visual Studio Solution File, Format Version 12.00
# Visual Studio Version 17
VisualStudioVersion = 17.14.36121.58 d17.14
MinimumVisualStudioVersion = 10.0.40219.1
Project("{8BC9CEB8-8B4A-11D0-8D11-00A0C91BC942}") = "rule-of-three", "rule-of-three\rule-of-three.vcxproj", "{E39F7C15-B270-4AD5-81DC-B72C1183D958}"
EndProject
Global
	GlobalSection(SolutionConfigurationPlatforms) = preSolution
		Debug|x64 = Debug|x64
		Debug|x86 = Debug|x86
		Release|x64 = Release|x64
		Release|x86 = Release|x86
	EndGlobalSection
	GlobalSection(ProjectConfigurationPlatforms) = postSolution
		{E39F7C15-B270-4AD5-81DC-B72C1183D958}.Debug|x64.ActiveCfg = Debug|x64
		{E39F7C15-B270-4AD5-81DC-B72C1183D958}.Debug|x64.Build.0 = Debug|x64
		{E39F7C15-B270-4AD5-81DC-B72C1183D958}.Debug|x86.ActiveCfg = Debug|Win32
		{E39F7C15-B270-4AD5-81DC-B72C1183D958}.Debug|x86.Build.0 = Debug|Win32
		{E39F7C15-B270-4AD5-81DC-B72C1183D958}.Release|x64.ActiveCfg = Release|x64
		{E39F7C15-B270-4AD5-81DC-B72C1183D958}.Release|x64.Build.0 = Release|x64
		{E39F7C15-B270-4AD5-81DC-B72C1183D958}.Release|x86.ActiveCfg = Release|Win32
		{E39F7C15-B270-4AD5-81DC-B72C1183D958}.Release|x86.Build.0 = Release|Win32
	EndGlobalSection
	GlobalSection(SolutionProperties) = preSolution
		HideSolutionNode = FALSE
	EndGlobalSection
	GlobalSection(ExtensibilityGlobals) = postSolution
		SolutionGuid = {4169EAF5-D9FC-40CF-AA7B-400454CCAE80}
	EndGlobalSection
EndGlobal
